
Microsoft Visual Studio Solution File, Format Version 12.00
# Visual Studio Version 16
VisualStudioVersion = 16.0.31424.327
MinimumVisualStudioVersion = 10.0.40219.1
Project("{FAE04EC0-301F-11D3-BF4B-00C04F79EFBC}") = "Project", "Project\Project.csproj", "{5F69537F-4C3B-43DA-85D4-1A4CB40D6384}"
EndProject
Global
	GlobalSection(SolutionConfigurationPlatforms) = preSolution
		Debug|Any CPU = Debug|Any CPU
		Release|Any CPU = Release|Any CPU
	EndGlobalSection
	GlobalSection(ProjectConfigurationPlatforms) = postSolution
		{5F69537F-4C3B-43DA-85D4-1A4CB40D6384}.Debug|Any CPU.ActiveCfg = Debug|Any CPU
		{5F69537F-4C3B-43DA-85D4-1A4CB40D6384}.Debug|Any CPU.Build.0 = Debug|Any CPU
		{5F69537F-4C3B-43DA-85D4-1A4CB40D6384}.Release|Any CPU.ActiveCfg = Release|Any CPU
		{5F69537F-4C3B-43DA-85D4-1A4CB40D6384}.Release|Any CPU.Build.0 = Release|Any CPU
	EndGlobalSection
	GlobalSection(SolutionProperties) = preSolution
		HideSolutionNode = FALSE
	EndGlobalSection
	GlobalSection(ExtensibilityGlobals) = postSolution
		SolutionGuid = {21B064E4-58A8-4B0E-A331-FC13F7ADE7ED}
	EndGlobalSection
EndGlobal
